lockfileVersion: '9.0'

settings:
  autoInstallPeers: true
  excludeLinksFromLockfile: false

importers:

  .:
    dependencies:
      '@aws-sdk/client-s3':
        specifier: ^3.1068.0
        version: 3.1068.0
      '@instantdb/admin':
        specifier: ^1.0.49
        version: 1.0.49
      '@instantdb/core':
        specifier: ^1.0.49
        version: 1.0.49
    devDependencies:
      vite:
        specifier: ^5.0.0
        version: 5.4.21

packages:

  '@aws-crypto/crc32@5.2.0':
    resolution: {integrity: sha512-nLbCWqQNgUiwwtFsen1AdzAtvuLRsQS8rYgMuxCrdKf9kOssamGLuPwyTY9wyYblNr9+1XM8v6zoDTPPSIeANg==}
    engines: {node: '>=16.0.0'}

  '@aws-crypto/crc32c@5.2.0':
    resolution: {integrity: sha512-+iWb8qaHLYKrNvGRbiYRHSdKRWhto5XlZUEBwDjYNf+ly5SVYG6zEoYIdxvf5R3zyeP16w4PLBn3rH1xc74Rag==}

  '@aws-crypto/sha1-browser@5.2.0':
    resolution: {integrity: sha512-OH6lveCFfcDjX4dbAvCFSYUjJZjDr/3XJ3xHtjn3Oj5b9RjojQo8npoLeA/bNwkOkrSQ0wgrHzXk4tDRxGKJeg==}

  '@aws-crypto/sha256-browser@5.2.0':
    resolution: {integrity: sha512-AXfN/lGotSQwu6HNcEsIASo7kWXZ5HYWvfOmSNKDsEqC4OashTp8alTmaz+F7TC2L083SFv5RdB+qU3Vs1kZqw==}

  '@aws-crypto/sha256-js@5.2.0':
    resolution: {integrity: sha512-FFQQyu7edu4ufvIZ+OadFpHHOt+eSTBaYaki44c+akjg7qZg9oOQeLlk77F6tSYqjDAFClrHJk9tMf0HdVyOvA==}
    engines: {node: '>=16.0.0'}

  '@aws-crypto/supports-web-crypto@5.2.0':
    resolution: {integrity: sha512-iAvUotm021kM33eCdNfwIN//F77/IADDSs58i+MDaOqFrVjZo9bAal0NK7HurRuWLLpF1iLX7gbWrjHjeo+YFg==}

  '@aws-crypto/util@5.2.0':
    resolution: {integrity: sha512-4RkU9EsI6ZpBve5fseQlGNUWKMa1RLPQ1dnjnQoe07ldfIzcsGb5hC5W0Dm7u423KWzawlrpbjXBrXCEv9zazQ==}

  '@aws-sdk/checksums@3.1000.5':
    resolution: {integrity: sha512-zOXUUnilC6lgCsQtp77p/QNPmRlTES9Xi6tlDwbR6kfC/kz5PCzZckgHWm5z+8DskdwuMAbFDq61x3zr10GEEQ==}
    engines: {node: '>=20.0.0'}

  '@aws-sdk/client-s3@3.1068.0':
    resolution: {integrity: sha512-lFgaIpxZvloNbJvQ337YPdMXhzI2zJdDw13nATVGnkAGNoNPx4ksD84AQAcuW75hsaaMaIuNmXU9sSx6+FTirA==}
    engines: {node: '>=20.0.0'}

  '@aws-sdk/core@3.974.20':
    resolution: {integrity: sha512-7sDi2B2N3mc3nf1nz6FyEx/FCrJ1N1QnBmraHHQNabFaeAh2IaOOLml48/rHOD1bICHgTRkbBgNTvUzEr5Z35g==}
    engines: {node: '>=20.0.0'}

  '@aws-sdk/credential-provider-env@3.972.46':
    resolution: {integrity: sha512-+GPXVS2srMOlH74S+SmC1gVuP2TvUZ0siuC0onKO93q+udP+M72dmY8wJfVQ5CX9z/9X5A1HHwz5yRIGBtskvQ==}
    engines: {node: '>=20.0.0'}

  '@aws-sdk/credential-provider-http@3.972.48':
    resolution: {integrity: sha512-fA5loSdlocacRxyUXtpoHSMuk5rsIKRDzQYVMnMxjcmFeZshaJlJ8lymy/hYKji6sne/UmNGj5pxuEs6kq/Qcg==}
    engines: {node: '>=20.0.0'}

  '@aws-sdk/credential-provider-ini@3.972.53':
    resolution: {integrity: sha512-ZfdhIOR41q8TcWEnUac+gCOb+O2LBWdHLmjedXpXz4IEFW2ppNuFcm6p0sMTavpM+zD5TYfpH5Gp7guRyqSgsQ==}
    engines: {node: '>=20.0.0'}

  '@aws-sdk/credential-provider-login@3.972.52':
    resolution: {integrity: sha512-9hu2oR0qH7Fst5Tzdx+UWxm+w5zCXtErTLtOOW5hwwQc170CLwOeniRxyFY6s9mHfGEfC5zFukNBdKBwJR8mhQ==}
    engines: {node: '>=20.0.0'}

  '@aws-sdk/credential-provider-node@3.972.55':
    resolution: {integrity: sha512-zMGLa/dhESVqmCD7mmIFFKSwSFrJGScvCXcjvBZEVOOMauFS5JRQvLTMukFpMEFWiV6dTAlsen2ATDBulLPtbg==}
    engines: {node: '>=20.0.0'}

  '@aws-sdk/credential-provider-process@3.972.46':
    resolution: {integrity: sha512-VUoNFBIjWrUN8NbFiQiuxQEgFjvziAlBRPK+ddh27aj65gk0BYu6bLZnrdrNZwpW6vAihtSUtEMQ1PUJ32QRPA==}
    engines: {node: '>=20.0.0'}

  '@aws-sdk/credential-provider-sso@3.972.52':
    resolution: {integrity: sha512-nb2/n4o/HQf+FVpVbZe9vCTFngmuDoIsltMgLAtjixaKzvzhB4J8WSDFyWgnErgLHk55ctWH+I4PU+LIHhyffg==}
    engines: {node: '>=20.0.0'}

  '@aws-sdk/credential-provider-web-identity@3.972.52':
    resolution: {integrity: sha512-lKj6aRSGbqLmpYmM24bY7a1Xmfcq2vkE3hv8CSPYfc1yCu0BPu/XEJ1L4Fm61MsU6ULLNSG8UGsffNoFUBjESA==}
    engines: {node: '>=20.0.0'}

  '@aws-sdk/middleware-flexible-checksums@3.974.30':
    resolution: {integrity: sha512-OaIhub+3yTgfFWPzKO8OzOZFIMUoJaiS5v67y3spQg7SoULGoMx4jKVBbE+uhnzkiZXQ+rEDS0RqrK4/aD1yJw==}
    engines: {node: '>=20.0.0'}

  '@aws-sdk/middleware-sdk-s3@3.972.51':
    resolution: {integrity: sha512-keQgcIUTcHL0Qn7guhsuLaxQU36r9norCrxgaPH4DNCwon4TPtXdI/UdYuycl9vj3Dlwc3YR1dfL3U+6iIwJ6w==}
    engines: {node: '>=20.0.0'}

  '@aws-sdk/nested-clients@3.997.20':
    resolution: {integrity: sha512-IYJuLpXp2DEILVQpQOy0PMpkftv0AHEOCn52o0atyOaumA0CdWQ3klPyXdViGYLbNpESsVFMVybvHUeZAuiGxA==}
    engines: {node: '>=20.0.0'}

  '@aws-sdk/signature-v4-multi-region@3.996.34':
    resolution: {integrity: sha512-mx1L5qlumSOt/nKM3BFaHE2HVkWwz0i4Bw0pyYO42FfX/FeLlo8YI6csC0gSPprEk6fTIqI+CZN9RwUwKd5krQ==}
    engines: {node: '>=20.0.0'}

  '@aws-sdk/token-providers@3.1066.0':
    resolution: {integrity: sha512-UqEUJq7dqa44hneLDUcX7UJy95cg8YqEWyakRpvIPnrNS3Mq+UlQHgCDGu5pvwAPtlIW4qcYbvW6reG6++FyvA==}
    engines: {node: '>=20.0.0'}

  '@aws-sdk/types@3.973.12':
    resolution: {integrity: sha512-43ajd1NF0RMgX5k0hxCNUyEdrtFUsb2aHT2QvpktSC/2Eyb2Jr/JPVqdp0XIoaHWikZJq5tNWSLO6kB5q2eMCA==}
    engines: {node: '>=20.0.0'}

  '@aws-sdk/util-locate-window@3.965.7':
    resolution: {integrity: sha512-M0D6oIpohdNHjc7udzTHEQyot0+0iuA36jc2I9Hps+f/GtKi2HO/pyijQnCnNcwZqLB5+rtn81z3eZK/GyjAmA==}
    engines: {node: '>=20.0.0'}

  '@aws-sdk/xml-builder@3.972.29':
    resolution: {integrity: sha512-fk0niuGFxfi8yIJuMVM4mhwObkiQSuwZFj3tAPrLVx64Pk3BkrEIpqjzHKY4hKoEBUD6Jg/S74Zj9jy+5F3DnQ==}
    engines: {node: '>=20.0.0'}

  '@aws/lambda-invoke-store@0.2.4':
    resolution: {integrity: sha512-iY8yvjE0y651BixKNPgmv1WrQc+GZ142sb0z4gYnChDDY2YqI4P/jsSopBWrKfAt7LOJAkOXt7rC/hms+WclQQ==}
    engines: {node: '>=18.0.0'}

  '@esbuild/aix-ppc64@0.21.5':
    resolution: {integrity: sha512-1SDgH6ZSPTlggy1yI6+Dbkiz8xzpHJEVAlF/AM1tHPLsf5STom9rwtjE4hKAF20FfXXNTFqEYXyJNWh1GiZedQ==}
    engines: {node: '>=12'}
    cpu: [ppc64]
    os: [aix]

  '@esbuild/android-arm64@0.21.5':
    resolution: {integrity: sha512-c0uX9VAUBQ7dTDCjq+wdyGLowMdtR/GoC2U5IYk/7D1H1JYC0qseD7+11iMP2mRLN9RcCMRcjC4YMclCzGwS/A==}
    engines: {node: '>=12'}
    cpu: [arm64]
    os: [android]

  '@esbuild/android-arm@0.21.5':
    resolution: {integrity: sha512-vCPvzSjpPHEi1siZdlvAlsPxXl7WbOVUBBAowWug4rJHb68Ox8KualB+1ocNvT5fjv6wpkX6o/iEpbDrf68zcg==}
    engines: {node: '>=12'}
    cpu: [arm]
    os: [android]

  '@esbuild/android-x64@0.21.5':
    resolution: {integrity: sha512-D7aPRUUNHRBwHxzxRvp856rjUHRFW1SdQATKXH2hqA0kAZb1hKmi02OpYRacl0TxIGz/ZmXWlbZgjwWYaCakTA==}
    engines: {node: '>=12'}
    cpu: [x64]
    os: [android]

  '@esbuild/darwin-arm64@0.21.5':
    resolution: {integrity: sha512-DwqXqZyuk5AiWWf3UfLiRDJ5EDd49zg6O9wclZ7kUMv2WRFr4HKjXp/5t8JZ11QbQfUS6/cRCKGwYhtNAY88kQ==}
    engines: {node: '>=12'}
    cpu: [arm64]
    os: [darwin]

  '@esbuild/darwin-x64@0.21.5':
    resolution: {integrity: sha512-se/JjF8NlmKVG4kNIuyWMV/22ZaerB+qaSi5MdrXtd6R08kvs2qCN4C09miupktDitvh8jRFflwGFBQcxZRjbw==}
    engines: {node: '>=12'}
    cpu: [x64]
    os: [darwin]

  '@esbuild/freebsd-arm64@0.21.5':
    resolution: {integrity: sha512-5JcRxxRDUJLX8JXp/wcBCy3pENnCgBR9bN6JsY4OmhfUtIHe3ZW0mawA7+RDAcMLrMIZaf03NlQiX9DGyB8h4g==}
    engines: {node: '>=12'}
    cpu: [arm64]
    os: [freebsd]

  '@esbuild/freebsd-x64@0.21.5':
    resolution: {integrity: sha512-J95kNBj1zkbMXtHVH29bBriQygMXqoVQOQYA+ISs0/2l3T9/kj42ow2mpqerRBxDJnmkUDCaQT/dfNXWX/ZZCQ==}
    engines: {node: '>=12'}
    cpu: [x64]
    os: [freebsd]

  '@esbuild/linux-arm64@0.21.5':
    resolution: {integrity: sha512-ibKvmyYzKsBeX8d8I7MH/TMfWDXBF3db4qM6sy+7re0YXya+K1cem3on9XgdT2EQGMu4hQyZhan7TeQ8XkGp4Q==}
    engines: {node: '>=12'}
    cpu: [arm64]
    os: [linux]

  '@esbuild/linux-arm@0.21.5':
    resolution: {integrity: sha512-bPb5AHZtbeNGjCKVZ9UGqGwo8EUu4cLq68E95A53KlxAPRmUyYv2D6F0uUI65XisGOL1hBP5mTronbgo+0bFcA==}
    engines: {node: '>=12'}
    cpu: [arm]
    os: [linux]

  '@esbuild/linux-ia32@0.21.5':
    resolution: {integrity: sha512-YvjXDqLRqPDl2dvRODYmmhz4rPeVKYvppfGYKSNGdyZkA01046pLWyRKKI3ax8fbJoK5QbxblURkwK/MWY18Tg==}
    engines: {node: '>=12'}
    cpu: [ia32]
    os: [linux]

  '@esbuild/linux-loong64@0.21.5':
    resolution: {integrity: sha512-uHf1BmMG8qEvzdrzAqg2SIG/02+4/DHB6a9Kbya0XDvwDEKCoC8ZRWI5JJvNdUjtciBGFQ5PuBlpEOXQj+JQSg==}
    engines: {node: '>=12'}
    cpu: [loong64]
    os: [linux]

  '@esbuild/linux-mips64el@0.21.5':
    resolution: {integrity: sha512-IajOmO+KJK23bj52dFSNCMsz1QP1DqM6cwLUv3W1QwyxkyIWecfafnI555fvSGqEKwjMXVLokcV5ygHW5b3Jbg==}
    engines: {node: '>=12'}
    cpu: [mips64el]
    os: [linux]

  '@esbuild/linux-ppc64@0.21.5':
    resolution: {integrity: sha512-1hHV/Z4OEfMwpLO8rp7CvlhBDnjsC3CttJXIhBi+5Aj5r+MBvy4egg7wCbe//hSsT+RvDAG7s81tAvpL2XAE4w==}
    engines: {node: '>=12'}
    cpu: [ppc64]
    os: [linux]

  '@esbuild/linux-riscv64@0.21.5':
    resolution: {integrity: sha512-2HdXDMd9GMgTGrPWnJzP2ALSokE/0O5HhTUvWIbD3YdjME8JwvSCnNGBnTThKGEB91OZhzrJ4qIIxk/SBmyDDA==}
    engines: {node: '>=12'}
    cpu: [riscv64]
    os: [linux]

  '@esbuild/linux-s390x@0.21.5':
    resolution: {integrity: sha512-zus5sxzqBJD3eXxwvjN1yQkRepANgxE9lgOW2qLnmr8ikMTphkjgXu1HR01K4FJg8h1kEEDAqDcZQtbrRnB41A==}
    engines: {node: '>=12'}
    cpu: [s390x]
    os: [linux]

  '@esbuild/linux-x64@0.21.5':
    resolution: {integrity: sha512-1rYdTpyv03iycF1+BhzrzQJCdOuAOtaqHTWJZCWvijKD2N5Xu0TtVC8/+1faWqcP9iBCWOmjmhoH94dH82BxPQ==}
    engines: {node: '>=12'}
    cpu: [x64]
    os: [linux]

  '@esbuild/netbsd-x64@0.21.5':
    resolution: {integrity: sha512-Woi2MXzXjMULccIwMnLciyZH4nCIMpWQAs049KEeMvOcNADVxo0UBIQPfSmxB3CWKedngg7sWZdLvLczpe0tLg==}
    engines: {node: '>=12'}
    cpu: [x64]
    os: [netbsd]

  '@esbuild/openbsd-x64@0.21.5':
    resolution: {integrity: sha512-HLNNw99xsvx12lFBUwoT8EVCsSvRNDVxNpjZ7bPn947b8gJPzeHWyNVhFsaerc0n3TsbOINvRP2byTZ5LKezow==}
    engines: {node: '>=12'}
    cpu: [x64]
    os: [openbsd]

  '@esbuild/sunos-x64@0.21.5':
    resolution: {integrity: sha512-6+gjmFpfy0BHU5Tpptkuh8+uw3mnrvgs+dSPQXQOv3ekbordwnzTVEb4qnIvQcYXq6gzkyTnoZ9dZG+D4garKg==}
    engines: {node: '>=12'}
    cpu: [x64]
    os: [sunos]

  '@esbuild/win32-arm64@0.21.5':
    resolution: {integrity: sha512-Z0gOTd75VvXqyq7nsl93zwahcTROgqvuAcYDUr+vOv8uHhNSKROyU961kgtCD1e95IqPKSQKH7tBTslnS3tA8A==}
    engines: {node: '>=12'}
    cpu: [arm64]
    os: [win32]

  '@esbuild/win32-ia32@0.21.5':
    resolution: {integrity: sha512-SWXFF1CL2RVNMaVs+BBClwtfZSvDgtL//G/smwAc5oVK/UPu2Gu9tIaRgFmYFFKrmg3SyAjSrElf0TiJ1v8fYA==}
    engines: {node: '>=12'}
    cpu: [ia32]
    os: [win32]

  '@esbuild/win32-x64@0.21.5':
    resolution: {integrity: sha512-tQd/1efJuzPC6rCFwEvLtci/xNFcTZknmXs98FYDfGE4wP9ClFV98nyKrzJKVPMhdDnjzLhdUyMX4PsQAPjwIw==}
    engines: {node: '>=12'}
    cpu: [x64]
    os: [win32]

  '@instantdb/admin@1.0.49':
    resolution: {integrity: sha512-6Lkfrs+JIiBlVhZMf1wl5Z1KBagBWIbutLKRr7OZDrfbXiWcL9Uqv9v8haVsyjvk/eGfp1hHYgGRmOIx1yQlNA==}

  '@instantdb/core@1.0.49':
    resolution: {integrity: sha512-DigxsPBZIpn5cjadM7A3o9u1Tb7akZmJqEhaFsnOLxcW7Ewgu4em2CxJnV7A2tE7NoC/lkDE4RAOz7GlkXvbiA==}

  '@instantdb/eventsource@4.1.0-2':
    resolution: {integrity: sha512-k2uzhsRzdD7hzV3fv+eoCRNeluZcj4pDfUKKAhvIS6xshc7zHkaM9/m3vxBgaYoNVmvOyaGp84TcHG0/Bp7k4g==}
    engines: {node: '>=20.0.0'}

  '@instantdb/version@1.0.49':
    resolution: {integrity: sha512-yP3qhO2U0TWyceY23uM5+t93gDYG58q2nRj5nOb5GertRkk3Yc90+xdSZl9Uw62eYctV3y7gvf5743bZK47fJQ==}

  '@instantdb/webhooks@1.0.49':
    resolution: {integrity: sha512-uY7jmr/ZKTGspndjnzqJbMMS8SKG4TmfNR3tCCi2VsX1QWC5SW0lBNWwybeJwOwDMOVsVb22lXGsCmfBfKEWFA==}

  '@nodable/entities@2.2.0':
    resolution: {integrity: sha512-9uGyhaQavEUMC8AIddIjau4NsnsXhou+j5sBAGojCM1oxmQpVKTWR/9JxABD6UAv12vpIms55fPZKFQEhG6uBg==}

  '@rollup/rollup-android-arm-eabi@4.62.0':
    resolution: {integrity: sha512-IPIQ55ythEHkfEd9jMEi32OQ7SxURsGA43JI22lj01OLZNt2NUbJX8YUHxkVWyQ6daHPNn0truF5nSj3DQp6YQ==}
    cpu: [arm]
    os: [android]

  '@rollup/rollup-android-arm64@4.62.0':
    resolution: {integrity: sha512-M6s9cr10MibETyo8JsOkq+Lo1+lU6hcvb1MApnUql5qte/5hMEgzlN8/ReIKNfRV8rrqX50W1BX9zoUhC192RA==}
    cpu: [arm64]
    os: [android]

  '@rollup/rollup-darwin-arm64@4.62.0':
    resolution: {integrity: sha512-BqCoMoIbn0keKys+dEAdBa70EtOwV1bEsQCUgU9FdiZmmMge/Zk7LlkYGqbrdHR+Frnt0E1FOanly+rlwvvQzw==}
    cpu: [arm64]
    os: [darwin]

  '@rollup/rollup-darwin-x64@4.62.0':
    resolution: {integrity: sha512-SIMzST3VFNXDAbeIWDWiFCNM5qncUBDWaEV7NfE7oZbDt2mgfW4MvbKdbYiGOLoM32gbTv608UMd0XktEYSD7w==}
    cpu: [x64]
    os: [darwin]

  '@rollup/rollup-freebsd-arm64@4.62.0':
    resolution: {integrity: sha512-ezjfSQMP7ArdUsbBwbQIfwAlhE84I2iVnzQNCFSveqV42q+BmKlzVpf7mxv5EchLcoWU4y6/heFzVg1F+hodUQ==}
    cpu: [arm64]
    os: [freebsd]

  '@rollup/rollup-freebsd-x64@4.62.0':
    resolution: {integrity: sha512-9+qTWGW9AZRhnUgwtTwzNwcPlL87ngkeN0LA+q1bADvmY9aNvWaF2TFW8BZgnQPYxpDI7+rMVLivcd4V737TAQ==}
    cpu: [x64]
    os: [freebsd]

  '@rollup/rollup-linux-arm-gnueabihf@4.62.0':
    resolution: {integrity: sha512-T1dMEQhXA/jkJ/jyMIw9IovK8bSUq7A8kLIlvZTb/6YIVsp2zLavr4F3oyllHWo7eIVJRyE5n3tUjQJEbE1IuQ==}
    cpu: [arm]
    os: [linux]
    libc: [glibc]

  '@rollup/rollup-linux-arm-musleabihf@4.62.0':
    resolution: {integrity: sha512-2as0LgT7qQpyceQq6VUJYnumUMUrgGQCWIiDIN9DE0/tglsk6o66uCB4f3djRawAltvfCNLyZZrsqbPA6inCsA==}
    cpu: [arm]
    os: [linux]
    libc: [musl]

  '@rollup/rollup-linux-arm64-gnu@4.62.0':
    resolution: {integrity: sha512-bVURMg+6eNN9C/yc0aVjooZcwTTtYF4YW3xta5pP0//r3o1V8gXEHXWCndj47w/HhwsFroZrFhR+6uQP5T0n0g==}
    cpu: [arm64]
    os: [linux]
    libc: [glibc]

  '@rollup/rollup-linux-arm64-musl@4.62.0':
    resolution: {integrity: sha512-Ful8pM/2yYI83PViWdFdpZhdI8HJ5qsXANe5atypbHDf+KIBBDsZsbyy8hbXnULVvW9NsTh5DHwbcBftyLTfiw==}
    cpu: [arm64]
    os: [linux]
    libc: [musl]

  '@rollup/rollup-linux-loong64-gnu@4.62.0':
    resolution: {integrity: sha512-9Gp/DgrkzfUBmNPVTyPTvay+4xEP7M/clXpj3efXBcm6uTIVIgDg4rqUpqKXvLEuFRVuEpSAOkhgNeecvaZ4Cg==}
    cpu: [loong64]
    os: [linux]
    libc: [glibc]

  '@rollup/rollup-linux-loong64-musl@4.62.0':
    resolution: {integrity: sha512-m9tsJz54LUXkSYM8+8PG81B9IKK5r+2T0clMq4QrS16xFosufU7firBDAZEsDheDs7wTlP7h3++S7lMsU955HA==}
    cpu: [loong64]
    os: [linux]
    libc: [musl]

  '@rollup/rollup-linux-ppc64-gnu@4.62.0':
    resolution: {integrity: sha512-3UvJ5PNVU16aJf6M3tFI24pWzAl2/ynfbyRN3ICyQajK1lSkrnVYNnLz3v04J32qKa0FczJc22zeToc0lr2A3w==}
    cpu: [ppc64]
    os: [linux]
    libc: [glibc]

  '@rollup/rollup-linux-ppc64-musl@4.62.0':
    resolution: {integrity: sha512-vRWUAbYLGHBZS6Q8Msb2sfnf1fvJf+47t8l/TwOerM2qArzy+IeNMTHrYLHXh95h8MoatPHI5hhSZNs+mGXKPg==}
    cpu: [ppc64]
    os: [linux]
    libc: [musl]

  '@rollup/rollup-linux-riscv64-gnu@4.62.0':
    resolution: {integrity: sha512-c00T5SYENHAt86cfW47URaP3Us5vLC/4QO7GYud1G5VNRffCwwCuBspwqYrriuJB+5m0WFzClCn9wed0FBjKvg==}
    cpu: [riscv64]
    os: [linux]
    libc: [glibc]

  '@rollup/rollup-linux-riscv64-musl@4.62.0':
    resolution: {integrity: sha512-krrCDilhXOwFkSkO3Wm9I/f9H0L92XHHwy2fwxjukxIbh0dem8gZqOW5Y8BsHrpJv5qwlRBV+Wl4ZFyRWhUpwg==}
    cpu: [riscv64]
    os: [linux]
    libc: [musl]

  '@rollup/rollup-linux-s390x-gnu@4.62.0':
    resolution: {integrity: sha512-7pfYFSTc4/rUC/FtAI0Qp6QthDBCIi6/AuP1xYqFk5vanI6KnL5dWKP60OM/05LOsbwTmIcvr6eXC4CJuJ75IA==}
    cpu: [s390x]
    os: [linux]
    libc: [glibc]

  '@rollup/rollup-linux-x64-gnu@4.62.0':
    resolution: {integrity: sha512-7SDIalKeIpG0Ifogbbdn58HmSotYMlf23K3dCJEmiVd9Fg36Vmni82iPQec27N3wY4Bvbxftkxz6vSx9OcouTg==}
    cpu: [x64]
    os: [linux]
    libc: [glibc]

  '@rollup/rollup-linux-x64-musl@4.62.0':
    resolution: {integrity: sha512-eRZevouTH2i1HeAVLqJuLnt256krQkGY0TN6WsTmsIhuzbh457HuWDMakKwmi0Cjadux983CoSr8Lim2QhUIFw==}
    cpu: [x64]
    os: [linux]
    libc: [musl]

  '@rollup/rollup-openbsd-x64@4.62.0':
    resolution: {integrity: sha512-3oVS7FLGa4U1qcvao9ylGxrjXZyUQqR8UwxEcnUEyPX53O/C/mKDZegNXTdHCP+h3e6ta/f1EN38Yif1mmZHYg==}
    cpu: [x64]
    os: [openbsd]

  '@rollup/rollup-openharmony-arm64@4.62.0':
    resolution: {integrity: sha512-yTB9TgfWj5wHe5QgktAgXTLLot1gvEjl1NiPPAUiCs4oPrIWFl5V4nC3GrkNdj9LaAU4s94nVrGbGOCqUpyWsg==}
    cpu: [arm64]
    os: [openharmony]

  '@rollup/rollup-win32-arm64-msvc@4.62.0':
    resolution: {integrity: sha512-5LOhoaesY3doG1c+ac/2JtgREpKoJr5bUHH8tKY0V8di7+uSV6BwLs2PlR0/yzefGOkR+wE7ZolZphHCsyG5Rw==}
    cpu: [arm64]
    os: [win32]

  '@rollup/rollup-win32-ia32-msvc@4.62.0':
    resolution: {integrity: sha512-yYkWHhmbhRTWTnWos5HC4GcPQfjlzzCNbM9e/+GXrLuaBXYA3qSDR9f0Vgufd5S8yX81U8jPKp7ZnAjZFMtRnw==}
    cpu: [ia32]
    os: [win32]

  '@rollup/rollup-win32-x64-gnu@4.62.0':
    resolution: {integrity: sha512-SoTb6lPg25xZlA2ibwQ++ahCCnH+FP0qmEuafMJ4gznZKOlXioKEAeJLgCrqjM98ACziXM9V1amFjICVL4IFoA==}
    cpu: [x64]
    os: [win32]

  '@rollup/rollup-win32-x64-msvc@4.62.0':
    resolution: {integrity: sha512-5L+T1fMX4RIEBoZzT0+sQ0PhTS36NULFmMXtl1TZo44TMAROIMHbZufSOjVWt/Y622BtxgxtaNOokbTDvfsrZA==}
    cpu: [x64]
    os: [win32]

  '@smithy/core@3.24.7':
    resolution: {integrity: sha512-KoUi4M1f3BG6kzN1FnCwL7oyFptTbyBJKjR6yhSib+JHRdUmM1o+VwsFtJ66NZCkCzVfJMWRHJNo0R0jznp0Pg==}
    engines: {node: '>=18.0.0'}

  '@smithy/credential-provider-imds@4.3.9':
    resolution: {integrity: sha512-ZlfJ/4Fa3jYb+3eaohPfG9utX9HmdhFNcFtpoGAhUhdynAOmGXtmigbi7eEiONKM+ykHw8RwKuDEb85Lx7t7fA==}
    engines: {node: '>=18.0.0'}

  '@smithy/fetch-http-handler@5.4.7':
    resolution: {integrity: sha512-NslaM2ir0N2hisDmzXLstPaVINZheh8SokyOC++kzFPloZucL2R7Y7bS57mSzx/1Fc/fqmn7twjkeezTTrV0EA==}
    engines: {node: '>=18.0.0'}

  '@smithy/is-array-buffer@2.2.0':
    resolution: {integrity: sha512-GGP3O9QFD24uGeAXYUjwSTXARoqpZykHadOmA8G5vfJPK0/DC67qa//0qvqrJzL1xc8WQWX7/yc7fwudjPHPhA==}
    engines: {node: '>=14.0.0'}

  '@smithy/node-http-handler@4.7.8':
    resolution: {integrity: sha512-f+DbsWUwSbtMu1a/j8Y93KiU1SRg9nyzfjereqn1BJ33QOTUXxdlYvVXMhAYl1vuR1Kmna5aIJe09KSIfyFNYw==}
    engines: {node: '>=18.0.0'}

  '@smithy/signature-v4@5.4.7':
    resolution: {integrity: sha512-LwQZazFayImv+IOm0S0enoLeUJwmAlhGC5O6YCcLWezyu08dF46GOxPOq35OpBIHkgd7OvNvBStIFwVNyrvoBw==}
    engines: {node: '>=18.0.0'}

  '@smithy/types@4.14.4':
    resolution: {integrity: sha512-B2S9+UGm1+/pHkcx3ZoLVX1a+pmSk8rqxRR+ZsNqZaJ5q9FWX9AFGQVM4qG5+OBeQUZVy99HY8HqW8gK/wgXzQ==}
    engines: {node: '>=18.0.0'}

  '@smithy/util-buffer-from@2.2.0':
    resolution: {integrity: sha512-IJdWBbTcMQ6DA0gdNhh/BwrLkDR+ADW5Kr1aZmd4k3DIF6ezMV4R2NIAmT08wQJ3yUK82thHWmC/TnK/wpMMIA==}
    engines: {node: '>=14.0.0'}

  '@smithy/util-utf8@2.3.0':
    resolution: {integrity: sha512-R8Rdn8Hy72KKcebgLiv8jQcQkXoLMOGGv5uI1/k0l+snqkOzQ1R0ChUBCxWMlBsFMekWjq0wRudIweFs7sKT5A==}
    engines: {node: '>=14.0.0'}

  '@types/estree@1.0.9':
    resolution: {integrity: sha512-GhdPgy1el4/ImP05X05Uw4cw2/M93BCUmnEvWZNStlCzEKME4Fkk+YpoA5OiHNQmoS7Cafb8Xa3Pya8m1Qrzeg==}

  anynum@1.0.0:
    resolution: {integrity: sha512-xjR9/zBVnUOP6ztMIIgShjsxui80nQUQH+5xJnvrYLs+90bF25/KJqaAi8mk+B4RDtX1Nspi6fmp4YTEts8SfA==}

  bowser@2.14.1:
    resolution: {integrity: sha512-tzPjzCxygAKWFOJP011oxFHs57HzIhOEracIgAePE4pqB3LikALKnSzUyU4MGs9/iCEUuHlAJTjTc5M+u7YEGg==}

  cookie@1.1.1:
    resolution: {integrity: sha512-ei8Aos7ja0weRpFzJnEA9UHJ/7XQmqglbRwnf2ATjcB9Wq874VKH9kfjjirM6UhU2/E5fFYadylyhFldcqSidQ==}
    engines: {node: '>=18'}

  esbuild@0.21.5:
    resolution: {integrity: sha512-mg3OPMV4hXywwpoDxu3Qda5xCKQi+vCTZq8S9J/EpkhB2HzKXq4SNFZE3+NK93JYxc8VMSep+lOUSC/RVKaBqw==}
    engines: {node: '>=12'}
    hasBin: true

  eventsource-parser@3.1.0:
    resolution: {integrity: sha512-kJezFj9YFAMLeORyi7aCLxLbD5/qWMQnoMVlVPyHIll7lgRJCc3JVln9Vgl9nwQi0YkMnhdGTMNn7CkRRAptMg==}
    engines: {node: '>=18.0.0'}

  fast-xml-builder@1.2.0:
    resolution: {integrity: sha512-00aAWieqff+ZJhsXA4g1g7M8k+7AYoMUUHF+/zFb5U6Uv/P0Vl4QZo84/IcufzYalLuEj9928bXN9PbbFzMF0Q==}

  fast-xml-parser@5.7.3:
    resolution: {integrity: sha512-C0AaNuC+mscy6vrAQKAc/rMq+zAPHodfHGZu4sGVehvAQt/JLG1O5zEcYcXSY5zSqr4YVgxsB+pHXTq0i7eDlg==}
    hasBin: true

  fsevents@2.3.3:
    resolution: {integrity: sha512-5xoDfX+fL7faATnagmWPpbFtwh/R77WmMMqqHGS65C3vvB0YHrgF+B1YmZ3441tMj5n63k0212XNoJwzlhffQw==}
    engines: {node: ^8.16.0 || ^10.6.0 || >=11.0.0}
    os: [darwin]

  mutative@1.3.0:
    resolution: {integrity: sha512-8MJj6URmOZAV70dpFe1YnSppRTKC4DsMkXQiBDFayLcDI4ljGokHxmpqaBQuDWa4iAxWaJJ1PS8vAmbntjjKmQ==}
    engines: {node: '>=14.0'}

  nanoid@3.3.12:
    resolution: {integrity: sha512-ZB9RH/39qpq5Vu6Y+NmUaFhQR6pp+M2Xt76XBnEwDaGcVAqhlvxrl3B2bKS5D3NH3QR76v3aSrKaF/Kiy7lEtQ==}
    engines: {node: ^10 || ^12 || ^13.7 || ^14 || >=15.0.1}
    hasBin: true

  path-expression-matcher@1.5.0:
    resolution: {integrity: sha512-cbrerZV+6rvdQrrD+iGMcZFEiiSrbv9Tfdkvnusy6y0x0GKBXREFg/Y65GhIfm0tnLntThhzCnfKwp1WRjeCyQ==}
    engines: {node: '>=14.0.0'}

  picocolors@1.1.1:
    resolution: {integrity: sha512-xceH2snhtb5M9liqDsmEw56le376mTZkEX/jEb/RxNFyegNul7eNslCXP9FDj/Lcu0X8KEyMceP2ntpaHrDEVA==}

  postcss@8.5.15:
    resolution: {integrity: sha512-FfR8sjd4em2T6fb3I2MwAJU7HWVMr9zba+enmQeeWFfCbm+UOC/0X4DS8XtpUTMwWMGbjKYP7xjfNekzyGmB3A==}
    engines: {node: ^10 || ^12 || >=14}

  rollup@4.62.0:
    resolution: {integrity: sha512-nc72Wgq62I7rtDV4izT5/aaS0zxy3kttkinf9586ApknY3jZO9NYsmtc24fUckA0X7Q2v+ML4a15pdUlV5V/jA==}
    engines: {node: '>=18.0.0', npm: '>=8.0.0'}
    hasBin: true

  source-map-js@1.2.1:
    resolution: {integrity: sha512-UXWMKhLOwVKb728IUtQPXxfYU+usdybtUrK/8uGE8CQMvrhOpwvzDBwj0QhSL7MQc7vIsISBG8VQ8+IDQxpfQA==}
    engines: {node: '>=0.10.0'}

  strnum@2.4.0:
    resolution: {integrity: sha512-sHrVyWWdq28RbhjuJdZsA1SnGRJV6NiXbk6AXBxDOsgAcA+lmpUZCYjOdLBxkXMwis6RRe7dlZt4VlIWFVzkmg==}

  tslib@2.8.1:
    resolution: {integrity: sha512-oJFu94HQb+KVduSUQL7wnpmqnfmLsOA/nAh6b6EH0wCEoK0/mPeXU6c3wKDV83MkOuHPRHtSXKKU99IBazS/2w==}

  uuid@11.1.1:
    resolution: {integrity: sha512-vIYxrBCC/N/K+Js3qSN88go7kIfNPssr/hHCesKCQNAjmgvYS2oqr69kIufEG+O4+PfezOH4EbIeHCfFov8ZgQ==}
    hasBin: true

  vite@5.4.21:
    resolution: {integrity: sha512-o5a9xKjbtuhY6Bi5S3+HvbRERmouabWbyUcpXXUA1u+GNUKoROi9byOJ8M0nHbHYHkYICiMlqxkg1KkYmm25Sw==}
    engines: {node: ^18.0.0 || >=20.0.0}
    hasBin: true
    peerDependencies:
      '@types/node': ^18.0.0 || >=20.0.0
      less: '*'
      lightningcss: ^1.21.0
      sass: '*'
      sass-embedded: '*'
      stylus: '*'
      sugarss: '*'
      terser: ^5.4.0
    peerDependenciesMeta:
      '@types/node':
        optional: true
      less:
        optional: true
      lightningcss:
        optional: true
      sass:
        optional: true
      sass-embedded:
        optional: true
      stylus:
        optional: true
      sugarss:
        optional: true
      terser:
        optional: true

  xml-naming@0.1.0:
    resolution: {integrity: sha512-k8KO9hrMyNk6tUWqUfkTEZbezRRpONVOzUTnc97VnCvyj6Tf9lyUR9EDAIeiVLv56jsMcoXEwjW8Kv5yPY52lw==}
    engines: {node: '>=16.0.0'}

snapshots:

  '@aws-crypto/crc32@5.2.0':
    dependencies:
      '@aws-crypto/util': 5.2.0
      '@aws-sdk/types': 3.973.12
      tslib: 2.8.1

  '@aws-crypto/crc32c@5.2.0':
    dependencies:
      '@aws-crypto/util': 5.2.0
      '@aws-sdk/types': 3.973.12
      tslib: 2.8.1

  '@aws-crypto/sha1-browser@5.2.0':
    dependencies:
      '@aws-crypto/supports-web-crypto': 5.2.0
      '@aws-crypto/util': 5.2.0
      '@aws-sdk/types': 3.973.12
      '@aws-sdk/util-locate-window': 3.965.7
      '@smithy/util-utf8': 2.3.0
      tslib: 2.8.1

  '@aws-crypto/sha256-browser@5.2.0':
    dependencies:
      '@aws-crypto/sha256-js': 5.2.0
      '@aws-crypto/supports-web-crypto': 5.2.0
      '@aws-crypto/util': 5.2.0
      '@aws-sdk/types': 3.973.12
      '@aws-sdk/util-locate-window': 3.965.7
      '@smithy/util-utf8': 2.3.0
      tslib: 2.8.1

  '@aws-crypto/sha256-js@5.2.0':
    dependencies:
      '@aws-crypto/util': 5.2.0
      '@aws-sdk/types': 3.973.12
      tslib: 2.8.1

  '@aws-crypto/supports-web-crypto@5.2.0':
    dependencies:
      tslib: 2.8.1

  '@aws-crypto/util@5.2.0':
    dependencies:
      '@aws-sdk/types': 3.973.12
      '@smithy/util-utf8': 2.3.0
      tslib: 2.8.1

  '@aws-sdk/checksums@3.1000.5':
    dependencies:
      '@aws-crypto/crc32': 5.2.0
      '@aws-crypto/crc32c': 5.2.0
      '@aws-crypto/util': 5.2.0
      '@aws-sdk/core': 3.974.20
      '@aws-sdk/types': 3.973.12
      '@smithy/core': 3.24.7
      '@smithy/types': 4.14.4
      tslib: 2.8.1

  '@aws-sdk/client-s3@3.1068.0':
    dependencies:
      '@aws-crypto/sha1-browser': 5.2.0
      '@aws-crypto/sha256-browser': 5.2.0
      '@aws-crypto/sha256-js': 5.2.0
      '@aws-sdk/core': 3.974.20
      '@aws-sdk/credential-provider-node': 3.972.55
      '@aws-sdk/middleware-flexible-checksums': 3.974.30
      '@aws-sdk/middleware-sdk-s3': 3.972.51
      '@aws-sdk/signature-v4-multi-region': 3.996.34
      '@aws-sdk/types': 3.973.12
      '@smithy/core': 3.24.7
      '@smithy/fetch-http-handler': 5.4.7
      '@smithy/node-http-handler': 4.7.8
      '@smithy/types': 4.14.4
      tslib: 2.8.1

  '@aws-sdk/core@3.974.20':
    dependencies:
      '@aws-sdk/types': 3.973.12
      '@aws-sdk/xml-builder': 3.972.29
      '@aws/lambda-invoke-store': 0.2.4
      '@smithy/core': 3.24.7
      '@smithy/signature-v4': 5.4.7
      '@smithy/types': 4.14.4
      bowser: 2.14.1
      tslib: 2.8.1

  '@aws-sdk/credential-provider-env@3.972.46':
    dependencies:
      '@aws-sdk/core': 3.974.20
      '@aws-sdk/types': 3.973.12
      '@smithy/core': 3.24.7
      '@smithy/types': 4.14.4
      tslib: 2.8.1

  '@aws-sdk/credential-provider-http@3.972.48':
    dependencies:
      '@aws-sdk/core': 3.974.20
      '@aws-sdk/types': 3.973.12
      '@smithy/core': 3.24.7
      '@smithy/fetch-http-handler': 5.4.7
      '@smithy/node-http-handler': 4.7.8
      '@smithy/types': 4.14.4
      tslib: 2.8.1

  '@aws-sdk/credential-provider-ini@3.972.53':
    dependencies:
      '@aws-sdk/core': 3.974.20
      '@aws-sdk/credential-provider-env': 3.972.46
      '@aws-sdk/credential-provider-http': 3.972.48
      '@aws-sdk/credential-provider-login': 3.972.52
      '@aws-sdk/credential-provider-process': 3.972.46
      '@aws-sdk/credential-provider-sso': 3.972.52
      '@aws-sdk/credential-provider-web-identity': 3.972.52
      '@aws-sdk/nested-clients': 3.997.20
      '@aws-sdk/types': 3.973.12
      '@smithy/core': 3.24.7
      '@smithy/credential-provider-imds': 4.3.9
      '@smithy/types': 4.14.4
      tslib: 2.8.1

  '@aws-sdk/credential-provider-login@3.972.52':
    dependencies:
      '@aws-sdk/core': 3.974.20
      '@aws-sdk/nested-clients': 3.997.20
      '@aws-sdk/types': 3.973.12
      '@smithy/core': 3.24.7
      '@smithy/types': 4.14.4
      tslib: 2.8.1

  '@aws-sdk/credential-provider-node@3.972.55':
    dependencies:
      '@aws-sdk/credential-provider-env': 3.972.46
      '@aws-sdk/credential-provider-http': 3.972.48
      '@aws-sdk/credential-provider-ini': 3.972.53
      '@aws-sdk/credential-provider-process': 3.972.46
      '@aws-sdk/credential-provider-sso': 3.972.52
      '@aws-sdk/credential-provider-web-identity': 3.972.52
      '@aws-sdk/types': 3.973.12
      '@smithy/core': 3.24.7
      '@smithy/credential-provider-imds': 4.3.9
      '@smithy/types': 4.14.4
      tslib: 2.8.1

  '@aws-sdk/credential-provider-process@3.972.46':
    dependencies:
      '@aws-sdk/core': 3.974.20
      '@aws-sdk/types': 3.973.12
      '@smithy/core': 3.24.7
      '@smithy/types': 4.14.4
      tslib: 2.8.1

  '@aws-sdk/credential-provider-sso@3.972.52':
    dependencies:
      '@aws-sdk/core': 3.974.20
      '@aws-sdk/nested-clients': 3.997.20
      '@aws-sdk/token-providers': 3.1066.0
      '@aws-sdk/types': 3.973.12
      '@smithy/core': 3.24.7
      '@smithy/types': 4.14.4
      tslib: 2.8.1

  '@aws-sdk/credential-provider-web-identity@3.972.52':
    dependencies:
      '@aws-sdk/core': 3.974.20
      '@aws-sdk/nested-clients': 3.997.20
      '@aws-sdk/types': 3.973.12
      '@smithy/core': 3.24.7
      '@smithy/types': 4.14.4
      tslib: 2.8.1

  '@aws-sdk/middleware-flexible-checksums@3.974.30':
    dependencies:
      '@aws-sdk/checksums': 3.1000.5
      tslib: 2.8.1

  '@aws-sdk/middleware-sdk-s3@3.972.51':
    dependencies:
      '@aws-sdk/core': 3.974.20
      '@aws-sdk/signature-v4-multi-region': 3.996.34
      '@aws-sdk/types': 3.973.12
      '@smithy/core': 3.24.7
      '@smithy/types': 4.14.4
      tslib: 2.8.1

  '@aws-sdk/nested-clients@3.997.20':
    dependencies:
      '@aws-crypto/sha256-browser': 5.2.0
      '@aws-crypto/sha256-js': 5.2.0
      '@aws-sdk/core': 3.974.20
      '@aws-sdk/signature-v4-multi-region': 3.996.34
      '@aws-sdk/types': 3.973.12
      '@smithy/core': 3.24.7
      '@smithy/fetch-http-handler': 5.4.7
      '@smithy/node-http-handler': 4.7.8
      '@smithy/types': 4.14.4
      tslib: 2.8.1

  '@aws-sdk/signature-v4-multi-region@3.996.34':
    dependencies:
      '@aws-sdk/types': 3.973.12
      '@smithy/signature-v4': 5.4.7
      '@smithy/types': 4.14.4
      tslib: 2.8.1

  '@aws-sdk/token-providers@3.1066.0':
    dependencies:
      '@aws-sdk/core': 3.974.20
      '@aws-sdk/nested-clients': 3.997.20
      '@aws-sdk/types': 3.973.12
      '@smithy/core': 3.24.7
      '@smithy/types': 4.14.4
      tslib: 2.8.1

  '@aws-sdk/types@3.973.12':
    dependencies:
      '@smithy/types': 4.14.4
      tslib: 2.8.1

  '@aws-sdk/util-locate-window@3.965.7':
    dependencies:
      tslib: 2.8.1

  '@aws-sdk/xml-builder@3.972.29':
    dependencies:
      '@smithy/types': 4.14.4
      fast-xml-parser: 5.7.3
      tslib: 2.8.1

  '@aws/lambda-invoke-store@0.2.4': {}

  '@esbuild/aix-ppc64@0.21.5':
    optional: true

  '@esbuild/android-arm64@0.21.5':
    optional: true

  '@esbuild/android-arm@0.21.5':
    optional: true

  '@esbuild/android-x64@0.21.5':
    optional: true

  '@esbuild/darwin-arm64@0.21.5':
    optional: true

  '@esbuild/darwin-x64@0.21.5':
    optional: true

  '@esbuild/freebsd-arm64@0.21.5':
    optional: true

  '@esbuild/freebsd-x64@0.21.5':
    optional: true

  '@esbuild/linux-arm64@0.21.5':
    optional: true

  '@esbuild/linux-arm@0.21.5':
    optional: true

  '@esbuild/linux-ia32@0.21.5':
    optional: true

  '@esbuild/linux-loong64@0.21.5':
    optional: true

  '@esbuild/linux-mips64el@0.21.5':
    optional: true

  '@esbuild/linux-ppc64@0.21.5':
    optional: true

  '@esbuild/linux-riscv64@0.21.5':
    optional: true

  '@esbuild/linux-s390x@0.21.5':
    optional: true

  '@esbuild/linux-x64@0.21.5':
    optional: true

  '@esbuild/netbsd-x64@0.21.5':
    optional: true

  '@esbuild/openbsd-x64@0.21.5':
    optional: true

  '@esbuild/sunos-x64@0.21.5':
    optional: true

  '@esbuild/win32-arm64@0.21.5':
    optional: true

  '@esbuild/win32-ia32@0.21.5':
    optional: true

  '@esbuild/win32-x64@0.21.5':
    optional: true

  '@instantdb/admin@1.0.49':
    dependencies:
      '@instantdb/core': 1.0.49
      '@instantdb/eventsource': 4.1.0-2
      '@instantdb/version': 1.0.49
      '@instantdb/webhooks': 1.0.49
      cookie: 1.1.1
      uuid: 11.1.1

  '@instantdb/core@1.0.49':
    dependencies:
      '@instantdb/version': 1.0.49
      mutative: 1.3.0
      uuid: 11.1.1

  '@instantdb/eventsource@4.1.0-2':
    dependencies:
      eventsource-parser: 3.1.0

  '@instantdb/version@1.0.49': {}

  '@instantdb/webhooks@1.0.49':
    dependencies:
      '@instantdb/core': 1.0.49

  '@nodable/entities@2.2.0': {}

  '@rollup/rollup-android-arm-eabi@4.62.0':
    optional: true

  '@rollup/rollup-android-arm64@4.62.0':
    optional: true

  '@rollup/rollup-darwin-arm64@4.62.0':
    optional: true

  '@rollup/rollup-darwin-x64@4.62.0':
    optional: true

  '@rollup/rollup-freebsd-arm64@4.62.0':
    optional: true

  '@rollup/rollup-freebsd-x64@4.62.0':
    optional: true

  '@rollup/rollup-linux-arm-gnueabihf@4.62.0':
    optional: true

  '@rollup/rollup-linux-arm-musleabihf@4.62.0':
    optional: true

  '@rollup/rollup-linux-arm64-gnu@4.62.0':
    optional: true

  '@rollup/rollup-linux-arm64-musl@4.62.0':
    optional: true

  '@rollup/rollup-linux-loong64-gnu@4.62.0':
    optional: true

  '@rollup/rollup-linux-loong64-musl@4.62.0':
    optional: true

  '@rollup/rollup-linux-ppc64-gnu@4.62.0':
    optional: true

  '@rollup/rollup-linux-ppc64-musl@4.62.0':
    optional: true

  '@rollup/rollup-linux-riscv64-gnu@4.62.0':
    optional: true

  '@rollup/rollup-linux-riscv64-musl@4.62.0':
    optional: true

  '@rollup/rollup-linux-s390x-gnu@4.62.0':
    optional: true

  '@rollup/rollup-linux-x64-gnu@4.62.0':
    optional: true

  '@rollup/rollup-linux-x64-musl@4.62.0':
    optional: true

  '@rollup/rollup-openbsd-x64@4.62.0':
    optional: true

  '@rollup/rollup-openharmony-arm64@4.62.0':
    optional: true

  '@rollup/rollup-win32-arm64-msvc@4.62.0':
    optional: true

  '@rollup/rollup-win32-ia32-msvc@4.62.0':
    optional: true

  '@rollup/rollup-win32-x64-gnu@4.62.0':
    optional: true

  '@rollup/rollup-win32-x64-msvc@4.62.0':
    optional: true

  '@smithy/core@3.24.7':
    dependencies:
      '@aws-crypto/crc32': 5.2.0
      '@smithy/types': 4.14.4
      tslib: 2.8.1

  '@smithy/credential-provider-imds@4.3.9':
    dependencies:
      '@smithy/core': 3.24.7
      '@smithy/types': 4.14.4
      tslib: 2.8.1

  '@smithy/fetch-http-handler@5.4.7':
    dependencies:
      '@smithy/core': 3.24.7
      '@smithy/types': 4.14.4
      tslib: 2.8.1

  '@smithy/is-array-buffer@2.2.0':
    dependencies:
      tslib: 2.8.1

  '@smithy/node-http-handler@4.7.8':
    dependencies:
      '@smithy/core': 3.24.7
      '@smithy/types': 4.14.4
      tslib: 2.8.1

  '@smithy/signature-v4@5.4.7':
    dependencies:
      '@smithy/core': 3.24.7
      '@smithy/types': 4.14.4
      tslib: 2.8.1

  '@smithy/types@4.14.4':
    dependencies:
      tslib: 2.8.1

  '@smithy/util-buffer-from@2.2.0':
    dependencies:
      '@smithy/is-array-buffer': 2.2.0
      tslib: 2.8.1

  '@smithy/util-utf8@2.3.0':
    dependencies:
      '@smithy/util-buffer-from': 2.2.0
      tslib: 2.8.1

  '@types/estree@1.0.9': {}

  anynum@1.0.0: {}

  bowser@2.14.1: {}

  cookie@1.1.1: {}

  esbuild@0.21.5:
    optionalDependencies:
      '@esbuild/aix-ppc64': 0.21.5
      '@esbuild/android-arm': 0.21.5
      '@esbuild/android-arm64': 0.21.5
      '@esbuild/android-x64': 0.21.5
      '@esbuild/darwin-arm64': 0.21.5
      '@esbuild/darwin-x64': 0.21.5
      '@esbuild/freebsd-arm64': 0.21.5
      '@esbuild/freebsd-x64': 0.21.5
      '@esbuild/linux-arm': 0.21.5
      '@esbuild/linux-arm64': 0.21.5
      '@esbuild/linux-ia32': 0.21.5
      '@esbuild/linux-loong64': 0.21.5
      '@esbuild/linux-mips64el': 0.21.5
      '@esbuild/linux-ppc64': 0.21.5
      '@esbuild/linux-riscv64': 0.21.5
      '@esbuild/linux-s390x': 0.21.5
      '@esbuild/linux-x64': 0.21.5
      '@esbuild/netbsd-x64': 0.21.5
      '@esbuild/openbsd-x64': 0.21.5
      '@esbuild/sunos-x64': 0.21.5
      '@esbuild/win32-arm64': 0.21.5
      '@esbuild/win32-ia32': 0.21.5
      '@esbuild/win32-x64': 0.21.5

  eventsource-parser@3.1.0: {}

  fast-xml-builder@1.2.0:
    dependencies:
      path-expression-matcher: 1.5.0
      xml-naming: 0.1.0

  fast-xml-parser@5.7.3:
    dependencies:
      '@nodable/entities': 2.2.0
      fast-xml-builder: 1.2.0
      path-expression-matcher: 1.5.0
      strnum: 2.4.0

  fsevents@2.3.3:
    optional: true

  mutative@1.3.0: {}

  nanoid@3.3.12: {}

  path-expression-matcher@1.5.0: {}

  picocolors@1.1.1: {}

  postcss@8.5.15:
    dependencies:
      nanoid: 3.3.12
      picocolors: 1.1.1
      source-map-js: 1.2.1

  rollup@4.62.0:
    dependencies:
      '@types/estree': 1.0.9
    optionalDependencies:
      '@rollup/rollup-android-arm-eabi': 4.62.0
      '@rollup/rollup-android-arm64': 4.62.0
      '@rollup/rollup-darwin-arm64': 4.62.0
      '@rollup/rollup-darwin-x64': 4.62.0
      '@rollup/rollup-freebsd-arm64': 4.62.0
      '@rollup/rollup-freebsd-x64': 4.62.0
      '@rollup/rollup-linux-arm-gnueabihf': 4.62.0
      '@rollup/rollup-linux-arm-musleabihf': 4.62.0
      '@rollup/rollup-linux-arm64-gnu': 4.62.0
      '@rollup/rollup-linux-arm64-musl': 4.62.0
      '@rollup/rollup-linux-loong64-gnu': 4.62.0
      '@rollup/rollup-linux-loong64-musl': 4.62.0
      '@rollup/rollup-linux-ppc64-gnu': 4.62.0
      '@rollup/rollup-linux-ppc64-musl': 4.62.0
      '@rollup/rollup-linux-riscv64-gnu': 4.62.0
      '@rollup/rollup-linux-riscv64-musl': 4.62.0
      '@rollup/rollup-linux-s390x-gnu': 4.62.0
      '@rollup/rollup-linux-x64-gnu': 4.62.0
      '@rollup/rollup-linux-x64-musl': 4.62.0
      '@rollup/rollup-openbsd-x64': 4.62.0
      '@rollup/rollup-openharmony-arm64': 4.62.0
      '@rollup/rollup-win32-arm64-msvc': 4.62.0
      '@rollup/rollup-win32-ia32-msvc': 4.62.0
      '@rollup/rollup-win32-x64-gnu': 4.62.0
      '@rollup/rollup-win32-x64-msvc': 4.62.0
      fsevents: 2.3.3

  source-map-js@1.2.1: {}

  strnum@2.4.0:
    dependencies:
      anynum: 1.0.0

  tslib@2.8.1: {}

  uuid@11.1.1: {}

  vite@5.4.21:
    dependencies:
      esbuild: 0.21.5
      postcss: 8.5.15
      rollup: 4.62.0
    optionalDependencies:
      fsevents: 2.3.3

  xml-naming@0.1.0: {}
